// !$*UTF8*$!
{
	archiveVersion = 1;
	classes = {
	};
	objectVersion = 48;
	objects = {

/* Begin PBXBuildFile section */
		93A3C07E2018FD8C009E1804 /* AppDelegate.swift in Sources */ = {isa = PBXBuildFile; fileRef = 93A3C07D2018FD8C009E1804 /* AppDelegate.swift */; };
		93A3C0802018FD8C009E1804 /* ViewController.swift in Sources */ = {isa = PBXBuildFile; fileRef = 93A3C07F2018FD8C009E1804 /* ViewController.swift */; };
		93A3C0832018FD8C009E1804 /* Main.storyboard in Resources */ = {isa = PBXBuildFile; fileRef = 93A3C0812018FD8C009E1804 /* Main.storyboard */; };
		93A3C0852018FD8C009E1804 /* Assets.xcassets in Resources */ = {isa = PBXBuildFile; fileRef = 93A3C0842018FD8C009E1804 /* Assets.xcassets */; };
		93A3C0882018FD8C009E1804 /* LaunchScreen.storyboard in Resources */ = {isa = PBXBuildFile; fileRef = 93A3C0862018FD8C009E1804 /* LaunchScreen.storyboard */; };
		93A3C0932018FD8C009E1804 /* PanelViewControllerTests.swift in Sources */ = {isa = PBXBuildFile; fileRef = 93A3C0922018FD8C009E1804 /* PanelViewControllerTests.swift */; };
		93A3C09F2018FF30009E1804 /* UIViewController+Parenting.swift in Sources */ = {isa = PBXBuildFile; fileRef = 93A3C09E2018FF30009E1804 /* UIViewController+Parenting.swift */; };
		93A3C0A120190130009E1804 /* PanelViewController.swift in Sources */ = {isa = PBXBuildFile; fileRef = 93A3C0A020190130009E1804 /* PanelViewController.swift */; };
		93A3C0A320190389009E1804 /* MapViewController.swift in Sources */ = {isa = PBXBuildFile; fileRef = 93A3C0A220190389009E1804 /* MapViewController.swift */; };
		93A3C0A520190397009E1804 /* ListViewController.swift in Sources */ = {isa = PBXBuildFile; fileRef = 93A3C0A420190397009E1804 /* ListViewController.swift */; };
		93A3C0A7201906C9009E1804 /* PaneBehavior.swift in Sources */ = {isa = PBXBuildFile; fileRef = 93A3C0A6201906C9009E1804 /* PaneBehavior.swift */; };
/* End PBXBuildFile section */

/* Begin PBXContainerItemProxy section */
		93A3C08F2018FD8C009E1804 /* PBXContainerItemProxy */ = {
			isa = PBXContainerItemProxy;
			containerPortal = 93A3C0722018FD8C009E1804 /* Project object */;
			proxyType = 1;
			remoteGlobalIDString = 93A3C0792018FD8C009E1804;
			remoteInfo = PanelViewController;
		};
/* End PBXContainerItemProxy section */

/* Begin PBXFileReference section */
		93A3C07A2018FD8C009E1804 /* PanelViewController.app */ = {isa = PBXFileReference; explicitFileType = wrapper.application; includeInIndex = 0; path = PanelViewController.app; sourceTree = BUILT_PRODUCTS_DIR; };
		93A3C07D2018FD8C009E1804 /* AppDelegate.swift */ = {isa = PBXFileReference; lastKnownFileType = sourcecode.swift; path = AppDelegate.swift; sourceTree = "<group>"; };
		93A3C07F2018FD8C009E1804 /* ViewController.swift */ = {isa = PBXFileReference; lastKnownFileType = sourcecode.swift; path = ViewController.swift; sourceTree = "<group>"; };
		93A3C0822018FD8C009E1804 /* Base */ = {isa = PBXFileReference; lastKnownFileType = file.storyboard; name = Base; path = Base.lproj/Main.storyboard; sourceTree = "<group>"; };
		93A3C0842018FD8C009E1804 /* Assets.xcassets */ = {isa = PBXFileReference; lastKnownFileType = folder.assetcatalog; path = Assets.xcassets; sourceTree = "<group>"; };
		93A3C0872018FD8C009E1804 /* Base */ = {isa = PBXFileReference; lastKnownFileType = file.storyboard; name = Base; path = Base.lproj/LaunchScreen.storyboard; sourceTree = "<group>"; };
		93A3C0892018FD8C009E1804 /* Info.plist */ = {isa = PBXFileReference; lastKnownFileType = text.plist.xml; path = Info.plist; sourceTree = "<group>"; };
		93A3C08E2018FD8C009E1804 /* PanelViewControllerTests.xctest */ = {isa = PBXFileReference; explicitFileType = wrapper.cfbundle; includeInIndex = 0; path = PanelViewControllerTests.xctest; sourceTree = BUILT_PRODUCTS_DIR; };
		93A3C0922018FD8C009E1804 /* PanelViewControllerTests.swift */ = {isa = PBXFileReference; lastKnownFileType = sourcecode.swift; path = PanelViewControllerTests.swift; sourceTree = "<group>"; };
		93A3C0942018FD8C009E1804 /* Info.plist */ = {isa = PBXFileReference; lastKnownFileType = text.plist.xml; path = Info.plist; sourceTree = "<group>"; };
		93A3C09E2018FF30009E1804 /* UIViewController+Parenting.swift */ = {isa = PBXFileReference; fileEncoding = 4; lastKnownFileType = sourcecode.swift; path = "UIViewController+Parenting.swift"; sourceTree = "<group>"; };
		93A3C0A020190130009E1804 /* PanelViewController.swift */ = {isa = PBXFileReference; lastKnownFileType = sourcecode.swift; path = PanelViewController.swift; sourceTree = "<group>"; };
		93A3C0A220190389009E1804 /* MapViewController.swift */ = {isa = PBXFileReference; lastKnownFileType = sourcecode.swift; path = MapViewController.swift; sourceTree = "<group>"; };
		93A3C0A420190397009E1804 /* ListViewController.swift */ = {isa = PBXFileReference; lastKnownFileType = sourcecode.swift; path = ListViewController.swift; sourceTree = "<group>"; };
		93A3C0A6201906C9009E1804 /* PaneBehavior.swift */ = {isa = PBXFileReference; lastKnownFileType = sourcecode.swift; path = PaneBehavior.swift; sourceTree = "<group>"; };
/* End PBXFileReference section */

/* Begin PBXFrameworksBuildPhase section */
		93A3C0772018FD8C009E1804 /* Frameworks */ = {
			isa = PBXFrameworksBuildPhase;
			buildActionMask = 2147483647;
			files = (
			);
			runOnlyForDeploymentPostprocessing = 0;
		};
		93A3C08B2018FD8C009E1804 /* Frameworks */ = {
			isa = PBXFrameworksBuildPhase;
			buildActionMask = 2147483647;
			files = (
			);
			runOnlyForDeploymentPostprocessing = 0;
		};
/* End PBXFrameworksBuildPhase section */

/* Begin PBXGroup section */
		93A3C0712018FD8C009E1804 = {
			isa = PBXGroup;
			children = (
				93A3C07C2018FD8C009E1804 /* PanelViewController */,
				93A3C0912018FD8C009E1804 /* PanelViewControllerTests */,
				93A3C07B2018FD8C009E1804 /* Products */,
			);
			sourceTree = "<group>";
		};
		93A3C07B2018FD8C009E1804 /* Products */ = {
			isa = PBXGroup;
			children = (
				93A3C07A2018FD8C009E1804 /* PanelViewController.app */,
				93A3C08E2018FD8C009E1804 /* PanelViewControllerTests.xctest */,
			);
			name = Products;
			sourceTree = "<group>";
		};
		93A3C07C2018FD8C009E1804 /* PanelViewController */ = {
			isa = PBXGroup;
			children = (
				93A3C07D2018FD8C009E1804 /* AppDelegate.swift */,
				93A3C0842018FD8C009E1804 /* Assets.xcassets */,
				93A3C0892018FD8C009E1804 /* Info.plist */,
				93A3C0862018FD8C009E1804 /* LaunchScreen.storyboard */,
				93A3C09D2018FF30009E1804 /* Library */,
				93A3C0A420190397009E1804 /* ListViewController.swift */,
				93A3C0812018FD8C009E1804 /* Main.storyboard */,
				93A3C0A220190389009E1804 /* MapViewController.swift */,
				93A3C0A6201906C9009E1804 /* PaneBehavior.swift */,
				93A3C0A020190130009E1804 /* PanelViewController.swift */,
				93A3C07F2018FD8C009E1804 /* ViewController.swift */,
			);
			path = PanelViewController;
			sourceTree = "<group>";
		};
		93A3C0912018FD8C009E1804 /* PanelViewControllerTests */ = {
			isa = PBXGroup;
			children = (
				93A3C0922018FD8C009E1804 /* PanelViewControllerTests.swift */,
				93A3C0942018FD8C009E1804 /* Info.plist */,
			);
			path = PanelViewControllerTests;
			sourceTree = "<group>";
		};
		93A3C09D2018FF30009E1804 /* Library */ = {
			isa = PBXGroup;
			children = (
				93A3C09E2018FF30009E1804 /* UIViewController+Parenting.swift */,
			);
			path = Library;
			sourceTree = "<group>";
		};
/* End PBXGroup section */

/* Begin PBXNativeTarget section */
		93A3C0792018FD8C009E1804 /* PanelViewController */ = {
			isa = PBXNativeTarget;
			buildConfigurationList = 93A3C0972018FD8C009E1804 /* Build configuration list for PBXNativeTarget "PanelViewController" */;
			buildPhases = (
				93A3C0762018FD8C009E1804 /* Sources */,
				93A3C0772018FD8C009E1804 /* Frameworks */,
				93A3C0782018FD8C009E1804 /* Resources */,
			);
			buildRules = (
			);
			dependencies = (
			);
			name = PanelViewController;
			productName = PanelViewController;
			productReference = 93A3C07A2018FD8C009E1804 /* PanelViewController.app */;
			productType = "com.apple.product-type.application";
		};
		93A3C08D2018FD8C009E1804 /* PanelViewControllerTests */ = {
			isa = PBXNativeTarget;
			buildConfigurationList = 93A3C09A2018FD8C009E1804 /* Build configuration list for PBXNativeTarget "PanelViewControllerTests" */;
			buildPhases = (
				93A3C08A2018FD8C009E1804 /* Sources */,
				93A3C08B2018FD8C009E1804 /* Frameworks */,
				93A3C08C2018FD8C009E1804 /* Resources */,
			);
			buildRules = (
			);
			dependencies = (
				93A3C0902018FD8C009E1804 /* PBXTargetDependency */,
			);
			name = PanelViewControllerTests;
			productName = PanelViewControllerTests;
			productReference = 93A3C08E2018FD8C009E1804 /* PanelViewControllerTests.xctest */;
			productType = "com.apple.product-type.bundle.unit-test";
		};
/* End PBXNativeTarget section */

/* Begin PBXProject section */
		93A3C0722018FD8C009E1804 /* Project object */ = {
			isa = PBXProject;
			attributes = {
				LastSwiftUpdateCheck = 0920;
				LastUpgradeCheck = 0920;
				ORGANIZATIONNAME = "NYC DoITT";
				TargetAttributes = {
					93A3C0792018FD8C009E1804 = {
						CreatedOnToolsVersion = 9.2;
						ProvisioningStyle = Automatic;
					};
					93A3C08D2018FD8C009E1804 = {
						CreatedOnToolsVersion = 9.2;
						ProvisioningStyle = Automatic;
						TestTargetID = 93A3C0792018FD8C009E1804;
					};
				};
			};
			buildConfigurationList = 93A3C0752018FD8C009E1804 /* Build configuration list for PBXProject "PanelViewController" */;
			compatibilityVersion = "Xcode 8.0";
			developmentRegion = en;
			hasScannedForEncodings = 0;
			knownRegions = (
				en,
				Base,
			);
			mainGroup = 93A3C0712018FD8C009E1804;
			productRefGroup = 93A3C07B2018FD8C009E1804 /* Products */;
			projectDirPath = "";
			projectRoot = "";
			targets = (
				93A3C0792018FD8C009E1804 /* PanelViewController */,
				93A3C08D2018FD8C009E1804 /* PanelViewControllerTests */,
			);
		};
/* End PBXProject section */

/* Begin PBXResourcesBuildPhase section */
		93A3C0782018FD8C009E1804 /* Resources */ = {
			isa = PBXResourcesBuildPhase;
			buildActionMask = 2147483647;
			files = (
				93A3C0882018FD8C009E1804 /* LaunchScreen.storyboard in Resources */,
				93A3C0852018FD8C009E1804 /* Assets.xcassets in Resources */,
				93A3C0832018FD8C009E1804 /* Main.storyboard in Resources */,
			);
			runOnlyForDeploymentPostprocessing = 0;
		};
		93A3C08C2018FD8C009E1804 /* Resources */ = {
			isa = PBXResourcesBuildPhase;
			buildActionMask = 2147483647;
			files = (
			);
			runOnlyForDeploymentPostprocessing = 0;
		};
/* End PBXResourcesBuildPhase section */

/* Begin PBXSourcesBuildPhase section */
		93A3C0762018FD8C009E1804 /* Sources */ = {
			isa = PBXSourcesBuildPhase;
			buildActionMask = 2147483647;
			files = (
				93A3C0802018FD8C009E1804 /* ViewController.swift in Sources */,
				93A3C07E2018FD8C009E1804 /* AppDelegate.swift in Sources */,
				93A3C0A520190397009E1804 /* ListViewController.swift in Sources */,
				93A3C09F2018FF30009E1804 /* UIViewController+Parenting.swift in Sources */,
				93A3C0A7201906C9009E1804 /* PaneBehavior.swift in Sources */,
				93A3C0A320190389009E1804 /* MapViewController.swift in Sources */,
				93A3C0A120190130009E1804 /* PanelViewController.swift in Sources */,
			);
			runOnlyForDeploymentPostprocessing = 0;
		};
		93A3C08A2018FD8C009E1804 /* Sources */ = {
			isa = PBXSourcesBuildPhase;
			buildActionMask = 2147483647;
			files = (
				93A3C0932018FD8C009E1804 /* PanelViewControllerTests.swift in Sources */,
			);
			runOnlyForDeploymentPostprocessing = 0;
		};
/* End PBXSourcesBuildPhase section */

/* Begin PBXTargetDependency section */
		93A3C0902018FD8C009E1804 /* PBXTargetDependency */ = {
			isa = PBXTargetDependency;
			target = 93A3C0792018FD8C009E1804 /* PanelViewController */;
			targetProxy = 93A3C08F2018FD8C009E1804 /* PBXContainerItemProxy */;
		};
/* End PBXTargetDependency section */

/* Begin PBXVariantGroup section */
		93A3C0812018FD8C009E1804 /* Main.storyboard */ = {
			isa = PBXVariantGroup;
			children = (
				93A3C0822018FD8C009E1804 /* Base */,
			);
			name = Main.storyboard;
			sourceTree = "<group>";
		};
		93A3C0862018FD8C009E1804 /* LaunchScreen.storyboard */ = {
			isa = PBXVariantGroup;
			children = (
				93A3C0872018FD8C009E1804 /* Base */,
			);
			name = LaunchScreen.storyboard;
			sourceTree = "<group>";
		};
/* End PBXVariantGroup section */

/* Begin XCBuildConfiguration section */
		93A3C0952018FD8C009E1804 /* Debug */ = {
			isa = XCBuildConfiguration;
			buildSettings = {
				ALWAYS_SEARCH_USER_PATHS = NO;
				CLANG_ANALYZER_NONNULL = YES;
				CLANG_ANALYZER_NUMBER_OBJECT_CONVERSION = YES_AGGRESSIVE;
				CLANG_CXX_LANGUAGE_STANDARD = "gnu++14";
				CLANG_CXX_LIBRARY = "libc++";
				CLANG_ENABLE_MODULES = YES;
				CLANG_ENABLE_OBJC_ARC = YES;
				CLANG_WARN_BLOCK_CAPTURE_AUTORELEASING = YES;
				CLANG_WARN_BOOL_CONVERSION = YES;
				CLANG_WARN_COMMA = YES;
				CLANG_WARN_CONSTANT_CONVERSION = YES;
				CLANG_WARN_DIRECT_OBJC_ISA_USAGE = YES_ERROR;
				CLANG_WARN_DOCUMENTATION_COMMENTS = YES;
				CLANG_WARN_EMPTY_BODY = YES;
				CLANG_WARN_ENUM_CONVERSION = YES;
				CLANG_WARN_INFINITE_RECURSION = YES;
				CLANG_WARN_INT_CONVERSION = YES;
				CLANG_WARN_NON_LITERAL_NULL_CONVERSION = YES;
				CLANG_WARN_OBJC_LITERAL_CONVERSION = YES;
				CLANG_WARN_OBJC_ROOT_CLASS = YES_ERROR;
				CLANG_WARN_RANGE_LOOP_ANALYSIS = YES;
				CLANG_WARN_STRICT_PROTOTYPES = YES;
				CLANG_WARN_SUSPICIOUS_MOVE = YES;
				CLANG_WARN_UNGUARDED_AVAILABILITY = YES_AGGRESSIVE;
				CLANG_WARN_UNREACHABLE_CODE = YES;
				CLANG_WARN__DUPLICATE_METHOD_MATCH = YES;
				CODE_SIGN_IDENTITY = "iPhone Developer";
				COPY_PHASE_STRIP = NO;
				DEBUG_INFORMATION_FORMAT = dwarf;
				ENABLE_STRICT_OBJC_MSGSEND = YES;
				ENABLE_TESTABILITY = YES;
				GCC_C_LANGUAGE_STANDARD = gnu11;
				GCC_DYNAMIC_NO_PIC = NO;
				GCC_NO_COMMON_BLOCKS = YES;
				GCC_OPTIMIZATION_LEVEL = 0;
				GCC_PREPROCESSOR_DEFINITIONS = (
					"DEBUG=1",
					"$(inherited)",
				);
				GCC_WARN_64_TO_32_BIT_CONVERSION = YES;
				GCC_WARN_ABOUT_RETURN_TYPE = YES_ERROR;
				GCC_WARN_UNDECLARED_SELECTOR = YES;
				GCC_WARN_UNINITIALIZED_AUTOS = YES_AGGRESSIVE;
				GCC_WARN_UNUSED_FUNCTION = YES;
				GCC_WARN_UNUSED_VARIABLE = YES;
				IPHONEOS_DEPLOYMENT_TARGET = 11.2;
				MTL_ENABLE_DEBUG_INFO = YES;
				ONLY_ACTIVE_ARCH = YES;
				SDKROOT = iphoneos;
				SWIFT_ACTIVE_COMPILATION_CONDITIONS = DEBUG;
				SWIFT_OPTIMIZATION_LEVEL = "-Onone";
			};
			name = Debug;
		};
		93A3C0962018FD8C009E1804 /* Release */ = {
			isa = XCBuildConfiguration;
			buildSettings = {
				ALWAYS_SEARCH_USER_PATHS = NO;
				CLANG_ANALYZER_NONNULL = YES;
				CLANG_ANALYZER_NUMBER_OBJECT_CONVERSION = YES_AGGRESSIVE;
				CLANG_CXX_LANGUAGE_STANDARD = "gnu++14";
				CLANG_CXX_LIBRARY = "libc++";
				CLANG_ENABLE_MODULES = YES;
				CLANG_ENABLE_OBJC_ARC = YES;
				CLANG_WARN_BLOCK_CAPTURE_AUTORELEASING = YES;
				CLANG_WARN_BOOL_CONVERSION = YES;
				CLANG_WARN_COMMA = YES;
				CLANG_WARN_CONSTANT_CONVERSION = YES;
				CLANG_WARN_DIRECT_OBJC_ISA_USAGE = YES_ERROR;
				CLANG_WARN_DOCUMENTATION_COMMENTS = YES;
				CLANG_WARN_EMPTY_BODY = YES;
				CLANG_WARN_ENUM_CONVERSION = YES;
				CLANG_WARN_INFINITE_RECURSION = YES;
				CLANG_WARN_INT_CONVERSION = YES;
				CLANG_WARN_NON_LITERAL_NULL_CONVERSION = YES;
				CLANG_WARN_OBJC_LITERAL_CONVERSION = YES;
				CLANG_WARN_OBJC_ROOT_CLASS = YES_ERROR;
				CLANG_WARN_RANGE_LOOP_ANALYSIS = YES;
				CLANG_WARN_STRICT_PROTOTYPES = YES;
				CLANG_WARN_SUSPICIOUS_MOVE = YES;
				CLANG_WARN_UNGUARDED_AVAILABILITY = YES_AGGRESSIVE;
				CLANG_WARN_UNREACHABLE_CODE = YES;
				CLANG_WARN__DUPLICATE_METHOD_MATCH = YES;
				CODE_SIGN_IDENTITY = "iPhone Developer";
				COPY_PHASE_STRIP = NO;
				DEBUG_INFORMATION_FORMAT = "dwarf-with-dsym";
				ENABLE_NS_ASSERTIONS = NO;
				ENABLE_STRICT_OBJC_MSGSEND = YES;
				GCC_C_LANGUAGE_STANDARD = gnu11;
				GCC_NO_COMMON_BLOCKS = YES;
				GCC_WARN_64_TO_32_BIT_CONVERSION = YES;
				GCC_WARN_ABOUT_RETURN_TYPE = YES_ERROR;
				GCC_WARN_UNDECLARED_SELECTOR = YES;
				GCC_WARN_UNINITIALIZED_AUTOS = YES_AGGRESSIVE;
				GCC_WARN_UNUSED_FUNCTION = YES;
				GCC_WARN_UNUSED_VARIABLE = YES;
				IPHONEOS_DEPLOYMENT_TARGET = 11.2;
				MTL_ENABLE_DEBUG_INFO = NO;
				SDKROOT = iphoneos;
				SWIFT_OPTIMIZATION_LEVEL = "-Owholemodule";
				VALIDATE_PRODUCT = YES;
			};
			name = Release;
		};
		93A3C0982018FD8C009E1804 /* Debug */ = {
			isa = XCBuildConfiguration;
			buildSettings = {
				ASSETCATALOG_COMPILER_APPICON_NAME = AppIcon;
				CODE_SIGN_STYLE = Automatic;
				DEVELOPMENT_TEAM = E5LW2CH45C;
				INFOPLIST_FILE = PanelViewController/Info.plist;
				LD_RUNPATH_SEARCH_PATHS = "$(inherited) @executable_path/Frameworks";
				PRODUCT_BUNDLE_IDENTIFIER = gov.nyc.doitt.PanelViewController;
				PRODUCT_NAME = "$(TARGET_NAME)";
				SWIFT_VERSION = 4.0;
				TARGETED_DEVICE_FAMILY = "1,2";
			};
			name = Debug;
		};
		93A3C0992018FD8C009E1804 /* Release */ = {
			isa = XCBuildConfiguration;
			buildSettings = {
				ASSETCATALOG_COMPILER_APPICON_NAME = AppIcon;
				CODE_SIGN_STYLE = Automatic;
				DEVELOPMENT_TEAM = E5LW2CH45C;
				INFOPLIST_FILE = PanelViewController/Info.plist;
				LD_RUNPATH_SEARCH_PATHS = "$(inherited) @executable_path/Frameworks";
				PRODUCT_BUNDLE_IDENTIFIER = gov.nyc.doitt.PanelViewController;
				PRODUCT_NAME = "$(TARGET_NAME)";
				SWIFT_VERSION = 4.0;
				TARGETED_DEVICE_FAMILY = "1,2";
			};
			name = Release;
		};
		93A3C09B2018FD8C009E1804 /* Debug */ = {
			isa = XCBuildConfiguration;
			buildSettings = {
				ALWAYS_EMBED_SWIFT_STANDARD_LIBRARIES = YES;
				BUNDLE_LOADER = "$(TEST_HOST)";
				CODE_SIGN_STYLE = Automatic;
				DEVELOPMENT_TEAM = E5LW2CH45C;
				INFOPLIST_FILE = PanelViewControllerTests/Info.plist;
				LD_RUNPATH_SEARCH_PATHS = "$(inherited) @executable_path/Frameworks @loader_path/Frameworks";
				PRODUCT_BUNDLE_IDENTIFIER = gov.nyc.doitt.PanelViewControllerTests;
				PRODUCT_NAME = "$(TARGET_NAME)";
				SWIFT_VERSION = 4.0;
				TARGETED_DEVICE_FAMILY = "1,2";
				TEST_HOST = "$(BUILT_PRODUCTS_DIR)/PanelViewController.app/PanelViewController";
			};
			name = Debug;
		};
		93A3C09C2018FD8C009E1804 /* Release */ = {
			isa = XCBuildConfiguration;
			buildSettings = {
				ALWAYS_EMBED_SWIFT_STANDARD_LIBRARIES = YES;
				BUNDLE_LOADER = "$(TEST_HOST)";
				CODE_SIGN_STYLE = Automatic;
				DEVELOPMENT_TEAM = E5LW2CH45C;
				INFOPLIST_FILE = PanelViewControllerTests/Info.plist;
				LD_RUNPATH_SEARCH_PATHS = "$(inherited) @executable_path/Frameworks @loader_path/Frameworks";
				PRODUCT_BUNDLE_IDENTIFIER = gov.nyc.doitt.PanelViewControllerTests;
				PRODUCT_NAME = "$(TARGET_NAME)";
				SWIFT_VERSION = 4.0;
				TARGETED_DEVICE_FAMILY = "1,2";
				TEST_HOST = "$(BUILT_PRODUCTS_DIR)/PanelViewController.app/PanelViewController";
			};
			name = Release;
		};
/* End XCBuildConfiguration section */

/* Begin XCConfigurationList section */
		93A3C0752018FD8C009E1804 /* Build configuration list for PBXProject "PanelViewController" */ = {
			isa = XCConfigurationList;
			buildConfigurations = (
				93A3C0952018FD8C009E1804 /* Debug */,
				93A3C0962018FD8C009E1804 /* Release */,
			);
			defaultConfigurationIsVisible = 0;
			defaultConfigurationName = Release;
		};
		93A3C0972018FD8C009E1804 /* Build configuration list for PBXNativeTarget "PanelViewController" */ = {
			isa = XCConfigurationList;
			buildConfigurations = (
				93A3C0982018FD8C009E1804 /* Debug */,
				93A3C0992018FD8C009E1804 /* Release */,
			);
			defaultConfigurationIsVisible = 0;
			defaultConfigurationName = Release;
		};
		93A3C09A2018FD8C009E1804 /* Build configuration list for PBXNativeTarget "PanelViewControllerTests" */ = {
			isa = XCConfigurationList;
			buildConfigurations = (
				93A3C09B2018FD8C009E1804 /* Debug */,
				93A3C09C2018FD8C009E1804 /* Release */,
			);
			defaultConfigurationIsVisible = 0;
			defaultConfigurationName = Release;
		};
/* End XCConfigurationList section */
	};
	rootObject = 93A3C0722018FD8C009E1804 /* Project object */;
}
